// !$*UTF8*$!
{
	archiveVersion = 1;
	classes = {
	};
	objectVersion = 77;
	objects = {

/* Begin PBXContainerItemProxy section */
		BC37A41D2DED309E004C5B67 /* PBXContainerItemProxy */ = {
			isa = PBXContainerItemProxy;
			containerPortal = BC37A4042DED309B004C5B67 /* Project object */;
			proxyType = 1;
			remoteGlobalIDString = BC37A40B2DED309B004C5B67;
			remoteInfo = "To do list";
		};
		BC37A4272DED309E004C5B67 /* PBXContainerItemProxy */ = {
			isa = PBXContainerItemProxy;
			containerPortal = BC37A4042DED309B004C5B67 /* Project object */;
			proxyType = 1;
			remoteGlobalIDString = BC37A40B2DED309B004C5B67;
			remoteInfo = "To do list";
		};
		BC37A4702DED33EB004C5B67 /* PBXContainerItemProxy */ = {
			isa = PBXContainerItemProxy;
			containerPortal = BC37A4042DED309B004C5B67 /* Project object */;
			proxyType = 1;
			remoteGlobalIDString = BC37A40B2DED309B004C5B67;
			remoteInfo = "To do list";
		};
/* End PBXContainerItemProxy section */

/* Begin PBXFileReference section */
		BC37A40C2DED309B004C5B67 /* To do list.app */ = {isa = PBXFileReference; explicitFileType = wrapper.application; includeInIndex = 0; path = "To do list.app"; sourceTree = BUILT_PRODUCTS_DIR; };
		BC37A41C2DED309E004C5B67 /* To do listTests.xctest */ = {isa = PBXFileReference; explicitFileType = wrapper.cfbundle; includeInIndex = 0; path = "To do listTests.xctest"; sourceTree = BUILT_PRODUCTS_DIR; };
		BC37A4262DED309E004C5B67 /* To do listUITests.xctest */ = {isa = PBXFileReference; explicitFileType = wrapper.cfbundle; includeInIndex = 0; path = "To do listUITests.xctest"; sourceTree = BUILT_PRODUCTS_DIR; };
		BC37A46A2DED33EB004C5B67 /* ToDoListAppUITests.xctest */ = {isa = PBXFileReference; explicitFileType = wrapper.cfbundle; includeInIndex = 0; path = ToDoListAppUITests.xctest; sourceTree = BUILT_PRODUCTS_DIR; };
/* End PBXFileReference section */

/* Begin PBXFileSystemSynchronizedBuildFileExceptionSet section */
		BCFF25792DEE94D900BEA95F /* Exceptions for "To do list" folder in "To do list" target */ = {
			isa = PBXFileSystemSynchronizedBuildFileExceptionSet;
			membershipExceptions = (
				"ToDoListTests /TaskViewModelTests.swift",
				ToDoListUITests/ToDoListAppUITests.swift,
			);
			target = BC37A40B2DED309B004C5B67 /* To do list */;
		};
		BCFF257B2DEE94E200BEA95F /* Exceptions for "To do list" folder in "To do listUITests" target */ = {
			isa = PBXFileSystemSynchronizedBuildFileExceptionSet;
			membershipExceptions = (
				ToDoListUITests/ToDoListAppUITests.swift,
			);
			target = BC37A4252DED309E004C5B67 /* To do listUITests */;
		};
		BCFF257D2DEE94F900BEA95F /* Exceptions for "To do list" folder in "To do listTests" target */ = {
			isa = PBXFileSystemSynchronizedBuildFileExceptionSet;
			membershipExceptions = (
				"ToDoListTests /TaskViewModelTests.swift",
			);
			target = BC37A41B2DED309E004C5B67 /* To do listTests */;
		};
/* End PBXFileSystemSynchronizedBuildFileExceptionSet section */

/* Begin PBXFileSystemSynchronizedRootGroup section */
		BC37A40E2DED309B004C5B67 /* To do list */ = {
			isa = PBXFileSystemSynchronizedRootGroup;
			exceptions = (
				BCFF25792DEE94D900BEA95F /* Exceptions for "To do list" folder in "To do list" target */,
				BCFF257D2DEE94F900BEA95F /* Exceptions for "To do list" folder in "To do listTests" target */,
				BCFF257B2DEE94E200BEA95F /* Exceptions for "To do list" folder in "To do listUITests" target */,
			);
			path = "To do list";
			sourceTree = "<group>";
		};
		BC37A41F2DED309E004C5B67 /* To do listTests */ = {
			isa = PBXFileSystemSynchronizedRootGroup;
			path = "To do listTests";
			sourceTree = "<group>";
		};
		BC37A4292DED309E004C5B67 /* To do listUITests */ = {
			isa = PBXFileSystemSynchronizedRootGroup;
			path = "To do listUITests";
			sourceTree = "<group>";
		};
		BC37A46B2DED33EB004C5B67 /* ToDoListAppUITests */ = {
			isa = PBXFileSystemSynchronizedRootGroup;
			path = ToDoListAppUITests;
			sourceTree = "<group>";
		};
/* End PBXFileSystemSynchronizedRootGroup section */

/* Begin PBXFrameworksBuildPhase section */
		BC37A4092DED309B004C5B67 /* Frameworks */ = {
			isa = PBXFrameworksBuildPhase;
			buildActionMask = 2147483647;
			files = (
			);
			runOnlyForDeploymentPostprocessing = 0;
		};
		BC37A4192DED309E004C5B67 /* Frameworks */ = {
			isa = PBXFrameworksBuildPhase;
			buildActionMask = 2147483647;
			files = (
			);
			runOnlyForDeploymentPostprocessing = 0;
		};
		BC37A4232DED309E004C5B67 /* Frameworks */ = {
			isa = PBXFrameworksBuildPhase;
			buildActionMask = 2147483647;
			files = (
			);
			runOnlyForDeploymentPostprocessing = 0;
		};
		BC37A4672DED33EB004C5B67 /* Frameworks */ = {
			isa = PBXFrameworksBuildPhase;
			buildActionMask = 2147483647;
			files = (
			);
			runOnlyForDeploymentPostprocessing = 0;
		};
/* End PBXFrameworksBuildPhase section */

/* Begin PBXGroup section */
		BC37A4032DED309B004C5B67 = {
			isa = PBXGroup;
			children = (
				BC37A40E2DED309B004C5B67 /* To do list */,
				BC37A41F2DED309E004C5B67 /* To do listTests */,
				BC37A4292DED309E004C5B67 /* To do listUITests */,
				BC37A46B2DED33EB004C5B67 /* ToDoListAppUITests */,
				BC37A40D2DED309B004C5B67 /* Products */,
			);
			sourceTree = "<group>";
		};
		BC37A40D2DED309B004C5B67 /* Products */ = {
			isa = PBXGroup;
			children = (
				BC37A40C2DED309B004C5B67 /* To do list.app */,
				BC37A41C2DED309E004C5B67 /* To do listTests.xctest */,
				BC37A4262DED309E004C5B67 /* To do listUITests.xctest */,
				BC37A46A2DED33EB004C5B67 /* ToDoListAppUITests.xctest */,
			);
			name = Products;
			sourceTree = "<group>";
		};
/* End PBXGroup section */

/* Begin PBXNativeTarget section */
		BC37A40B2DED309B004C5B67 /* To do list */ = {
			isa = PBXNativeTarget;
			buildConfigurationList = BC37A4302DED309E004C5B67 /* Build configuration list for PBXNativeTarget "To do list" */;
			buildPhases = (
				BC37A4082DED309B004C5B67 /* Sources */,
				BC37A4092DED309B004C5B67 /* Frameworks */,
				BC37A40A2DED309B004C5B67 /* Resources */,
			);
			buildRules = (
			);
			dependencies = (
			);
			fileSystemSynchronizedGroups = (
				BC37A40E2DED309B004C5B67 /* To do list */,
			);
			name = "To do list";
			packageProductDependencies = (
			);
			productName = "To do list";
			productReference = BC37A40C2DED309B004C5B67 /* To do list.app */;
			productType = "com.apple.product-type.application";
		};
		BC37A41B2DED309E004C5B67 /* To do listTests */ = {
			isa = PBXNativeTarget;
			buildConfigurationList = BC37A4332DED309E004C5B67 /* Build configuration list for PBXNativeTarget "To do listTests" */;
			buildPhases = (
				BC37A4182DED309E004C5B67 /* Sources */,
				BC37A4192DED309E004C5B67 /* Frameworks */,
				BC37A41A2DED309E004C5B67 /* Resources */,
			);
			buildRules = (
			);
			dependencies = (
				BC37A41E2DED309E004C5B67 /* PBXTargetDependency */,
			);
			fileSystemSynchronizedGroups = (
				BC37A41F2DED309E004C5B67 /* To do listTests */,
			);
			name = "To do listTests";
			packageProductDependencies = (
			);
			productName = "To do listTests";
			productReference = BC37A41C2DED309E004C5B67 /* To do listTests.xctest */;
			productType = "com.apple.product-type.bundle.unit-test";
		};
		BC37A4252DED309E004C5B67 /* To do listUITests */ = {
			isa = PBXNativeTarget;
			buildConfigurationList = BC37A4362DED309E004C5B67 /* Build configuration list for PBXNativeTarget "To do listUITests" */;
			buildPhases = (
				BC37A4222DED309E004C5B67 /* Sources */,
				BC37A4232DED309E004C5B67 /* Frameworks */,
				BC37A4242DED309E004C5B67 /* Resources */,
			);
			buildRules = (
			);
			dependencies = (
				BC37A4282DED309E004C5B67 /* PBXTargetDependency */,
			);
			fileSystemSynchronizedGroups = (
				BC37A4292DED309E004C5B67 /* To do listUITests */,
			);
			name = "To do listUITests";
			packageProductDependencies = (
			);
			productName = "To do listUITests";
			productReference = BC37A4262DED309E004C5B67 /* To do listUITests.xctest */;
			productType = "com.apple.product-type.bundle.ui-testing";
		};
		BC37A4692DED33EB004C5B67 /* ToDoListAppUITests */ = {
			isa = PBXNativeTarget;
			buildConfigurationList = BC37A4722DED33EB004C5B67 /* Build configuration list for PBXNativeTarget "ToDoListAppUITests" */;
			buildPhases = (
				BC37A4662DED33EB004C5B67 /* Sources */,
				BC37A4672DED33EB004C5B67 /* Frameworks */,
				BC37A4682DED33EB004C5B67 /* Resources */,
			);
			buildRules = (
			);
			dependencies = (
				BC37A4712DED33EB004C5B67 /* PBXTargetDependency */,
			);
			fileSystemSynchronizedGroups = (
				BC37A46B2DED33EB004C5B67 /* ToDoListAppUITests */,
			);
			name = ToDoListAppUITests;
			packageProductDependencies = (
			);
			productName = ToDoListAppUITests;
			productReference = BC37A46A2DED33EB004C5B67 /* ToDoListAppUITests.xctest */;
			productType = "com.apple.product-type.bundle.ui-testing";
		};
/* End PBXNativeTarget section */

/* Begin PBXProject section */
		BC37A4042DED309B004C5B67 /* Project object */ = {
			isa = PBXProject;
			attributes = {
				BuildIndependentTargetsInParallel = 1;
				LastSwiftUpdateCheck = 1620;
				LastUpgradeCheck = 1620;
				TargetAttributes = {
					BC37A40B2DED309B004C5B67 = {
						CreatedOnToolsVersion = 16.2;
					};
					BC37A41B2DED309E004C5B67 = {
						CreatedOnToolsVersion = 16.2;
						TestTargetID = BC37A40B2DED309B004C5B67;
					};
					BC37A4252DED309E004C5B67 = {
						CreatedOnToolsVersion = 16.2;
						TestTargetID = BC37A40B2DED309B004C5B67;
					};
					BC37A4692DED33EB004C5B67 = {
						CreatedOnToolsVersion = 16.2;
						TestTargetID = BC37A40B2DED309B004C5B67;
					};
				};
			};
			buildConfigurationList = BC37A4072DED309B004C5B67 /* Build configuration list for PBXProject "To do list" */;
			developmentRegion = en;
			hasScannedForEncodings = 0;
			knownRegions = (
				en,
				Base,
			);
			mainGroup = BC37A4032DED309B004C5B67;
			minimizedProjectReferenceProxies = 1;
			preferredProjectObjectVersion = 77;
			productRefGroup = BC37A40D2DED309B004C5B67 /* Products */;
			projectDirPath = "";
			projectRoot = "";
			targets = (
				BC37A40B2DED309B004C5B67 /* To do list */,
				BC37A41B2DED309E004C5B67 /* To do listTests */,
				BC37A4252DED309E004C5B67 /* To do listUITests */,
				BC37A4692DED33EB004C5B67 /* ToDoListAppUITests */,
			);
		};
/* End PBXProject section */

/* Begin PBXResourcesBuildPhase section */
		BC37A40A2DED309B004C5B67 /* Resources */ = {
			isa = PBXResourcesBuildPhase;
			buildActionMask = 2147483647;
			files = (
			);
			runOnlyForDeploymentPostprocessing = 0;
		};
		BC37A41A2DED309E004C5B67 /* Resources */ = {
			isa = PBXResourcesBuildPhase;
			buildActionMask = 2147483647;
			files = (
			);
			runOnlyForDeploymentPostprocessing = 0;
		};
		BC37A4242DED309E004C5B67 /* Resources */ = {
			isa = PBXResourcesBuildPhase;
			buildActionMask = 2147483647;
			files = (
			);
			runOnlyForDeploymentPostprocessing = 0;
		};
		BC37A4682DED33EB004C5B67 /* Resources */ = {
			isa = PBXResourcesBuildPhase;
			buildActionMask = 2147483647;
			files = (
			);
			runOnlyForDeploymentPostprocessing = 0;
		};
/* End PBXResourcesBuildPhase section */

/* Begin PBXSourcesBuildPhase section */
		BC37A4082DED309B004C5B67 /* Sources */ = {
			isa = PBXSourcesBuildPhase;
			buildActionMask = 2147483647;
			files = (
			);
			runOnlyForDeploymentPostprocessing = 0;
		};
		BC37A4182DED309E004C5B67 /* Sources */ = {
			isa = PBXSourcesBuildPhase;
			buildActionMask = 2147483647;
			files = (
			);
			runOnlyForDeploymentPostprocessing = 0;
		};
		BC37A4222DED309E004C5B67 /* Sources */ = {
			isa = PBXSourcesBuildPhase;
			buildActionMask = 2147483647;
			files = (
			);
			runOnlyForDeploymentPostprocessing = 0;
		};
		BC37A4662DED33EB004C5B67 /* Sources */ = {
			isa = PBXSourcesBuildPhase;
			buildActionMask = 2147483647;
			files = (
			);
			runOnlyForDeploymentPostprocessing = 0;
		};
/* End PBXSourcesBuildPhase section */

/* Begin PBXTargetDependency section */
		BC37A41E2DED309E004C5B67 /* PBXTargetDependency */ = {
			isa = PBXTargetDependency;
			target = BC37A40B2DED309B004C5B67 /* To do list */;
			targetProxy = BC37A41D2DED309E004C5B67 /* PBXContainerItemProxy */;
		};
		BC37A4282DED309E004C5B67 /* PBXTargetDependency */ = {
			isa = PBXTargetDependency;
			target = BC37A40B2DED309B004C5B67 /* To do list */;
			targetProxy = BC37A4272DED309E004C5B67 /* PBXContainerItemProxy */;
		};
		BC37A4712DED33EB004C5B67 /* PBXTargetDependency */ = {
			isa = PBXTargetDependency;
			target = BC37A40B2DED309B004C5B67 /* To do list */;
			targetProxy = BC37A4702DED33EB004C5B67 /* PBXContainerItemProxy */;
		};
/* End PBXTargetDependency section */

/* Begin XCBuildConfiguration section */
		BC37A42E2DED309E004C5B67 /* Debug */ = {
			isa = XCBuildConfiguration;
			buildSettings = {
				ALWAYS_SEARCH_USER_PATHS = NO;
				ASSETCATALOG_COMPILER_GENERATE_SWIFT_ASSET_SYMBOL_EXTENSIONS = YES;
				CLANG_ANALYZER_NONNULL = YES;
				CLANG_ANALYZER_NUMBER_OBJECT_CONVERSION = YES_AGGRESSIVE;
				CLANG_CXX_LANGUAGE_STANDARD = "gnu++20";
				CLANG_ENABLE_MODULES = YES;
				CLANG_ENABLE_OBJC_ARC = YES;
				CLANG_ENABLE_OBJC_WEAK = YES;
				CLANG_WARN_BLOCK_CAPTURE_AUTORELEASING = YES;
				CLANG_WARN_BOOL_CONVERSION = YES;
				CLANG_WARN_COMMA = YES;
				CLANG_WARN_CONSTANT_CONVERSION = YES;
				CLANG_WARN_DEPRECATED_OBJC_IMPLEMENTATIONS = YES;
				CLANG_WARN_DIRECT_OBJC_ISA_USAGE = YES_ERROR;
				CLANG_WARN_DOCUMENTATION_COMMENTS = YES;
				CLANG_WARN_EMPTY_BODY = YES;
				CLANG_WARN_ENUM_CONVERSION = YES;
				CLANG_WARN_INFINITE_RECURSION = YES;
				CLANG_WARN_INT_CONVERSION = YES;
				CLANG_WARN_NON_LITERAL_NULL_CONVERSION = YES;
				CLANG_WARN_OBJC_IMPLICIT_RETAIN_SELF = YES;
				CLANG_WARN_OBJC_LITERAL_CONVERSION = YES;
				CLANG_WARN_OBJC_ROOT_CLASS = YES_ERROR;
				CLANG_WARN_QUOTED_INCLUDE_IN_FRAMEWORK_HEADER = YES;
				CLANG_WARN_RANGE_LOOP_ANALYSIS = YES;
				CLANG_WARN_STRICT_PROTOTYPES = YES;
				CLANG_WARN_SUSPICIOUS_MOVE = YES;
				CLANG_WARN_UNGUARDED_AVAILABILITY = YES_AGGRESSIVE;
				CLANG_WARN_UNREACHABLE_CODE = YES;
				CLANG_WARN__DUPLICATE_METHOD_MATCH = YES;
				COPY_PHASE_STRIP = NO;
				DEBUG_INFORMATION_FORMAT = dwarf;
				ENABLE_STRICT_OBJC_MSGSEND = YES;
				ENABLE_TESTABILITY = YES;
				ENABLE_USER_SCRIPT_SANDBOXING = YES;
				GCC_C_LANGUAGE_STANDARD = gnu17;
				GCC_DYNAMIC_NO_PIC = NO;
				GCC_NO_COMMON_BLOCKS = YES;
				GCC_OPTIMIZATION_LEVEL = 0;
				GCC_PREPROCESSOR_DEFINITIONS = (
					"DEBUG=1",
					"$(inherited)",
				);
				GCC_WARN_64_TO_32_BIT_CONVERSION = YES;
				GCC_WARN_ABOUT_RETURN_TYPE = YES_ERROR;
				GCC_WARN_UNDECLARED_SELECTOR = YES;
				GCC_WARN_UNINITIALIZED_AUTOS = YES_AGGRESSIVE;
				GCC_WARN_UNUSED_FUNCTION = YES;
				GCC_WARN_UNUSED_VARIABLE = YES;
				IPHONEOS_DEPLOYMENT_TARGET = 18.2;
				LOCALIZATION_PREFERS_STRING_CATALOGS = YES;
				MTL_ENABLE_DEBUG_INFO = INCLUDE_SOURCE;
				MTL_FAST_MATH = YES;
				ONLY_ACTIVE_ARCH = YES;
				SDKROOT = iphoneos;
				SWIFT_ACTIVE_COMPILATION_CONDITIONS = "DEBUG $(inherited)";
				SWIFT_OPTIMIZATION_LEVEL = "-Onone";
			};
			name = Debug;
		};
		BC37A42F2DED309E004C5B67 /* Release */ = {
			isa = XCBuildConfiguration;
			buildSettings = {
				ALWAYS_SEARCH_USER_PATHS = NO;
				ASSETCATALOG_COMPILER_GENERATE_SWIFT_ASSET_SYMBOL_EXTENSIONS = YES;
				CLANG_ANALYZER_NONNULL = YES;
				CLANG_ANALYZER_NUMBER_OBJECT_CONVERSION = YES_AGGRESSIVE;
				CLANG_CXX_LANGUAGE_STANDARD = "gnu++20";
				CLANG_ENABLE_MODULES = YES;
				CLANG_ENABLE_OBJC_ARC = YES;
				CLANG_ENABLE_OBJC_WEAK = YES;
				CLANG_WARN_BLOCK_CAPTURE_AUTORELEASING = YES;
				CLANG_WARN_BOOL_CONVERSION = YES;
				CLANG_WARN_COMMA = YES;
				CLANG_WARN_CONSTANT_CONVERSION = YES;
				CLANG_WARN_DEPRECATED_OBJC_IMPLEMENTATIONS = YES;
				CLANG_WARN_DIRECT_OBJC_ISA_USAGE = YES_ERROR;
				CLANG_WARN_DOCUMENTATION_COMMENTS = YES;
				CLANG_WARN_EMPTY_BODY = YES;
				CLANG_WARN_ENUM_CONVERSION = YES;
				CLANG_WARN_INFINITE_RECURSION = YES;
				CLANG_WARN_INT_CONVERSION = YES;
				CLANG_WARN_NON_LITERAL_NULL_CONVERSION = YES;
				CLANG_WARN_OBJC_IMPLICIT_RETAIN_SELF = YES;
				CLANG_WARN_OBJC_LITERAL_CONVERSION = YES;
				CLANG_WARN_OBJC_ROOT_CLASS = YES_ERROR;
				CLANG_WARN_QUOTED_INCLUDE_IN_FRAMEWORK_HEADER = YES;
				CLANG_WARN_RANGE_LOOP_ANALYSIS = YES;
				CLANG_WARN_STRICT_PROTOTYPES = YES;
				CLANG_WARN_SUSPICIOUS_MOVE = YES;
				CLANG_WARN_UNGUARDED_AVAILABILITY = YES_AGGRESSIVE;
				CLANG_WARN_UNREACHABLE_CODE = YES;
				CLANG_WARN__DUPLICATE_METHOD_MATCH = YES;
				COPY_PHASE_STRIP = NO;
				DEBUG_INFORMATION_FORMAT = "dwarf-with-dsym";
				ENABLE_NS_ASSERTIONS = NO;
				ENABLE_STRICT_OBJC_MSGSEND = YES;
				ENABLE_USER_SCRIPT_SANDBOXING = YES;
				GCC_C_LANGUAGE_STANDARD = gnu17;
				GCC_NO_COMMON_BLOCKS = YES;
				GCC_WARN_64_TO_32_BIT_CONVERSION = YES;
				GCC_WARN_ABOUT_RETURN_TYPE = YES_ERROR;
				GCC_WARN_UNDECLARED_SELECTOR = YES;
				GCC_WARN_UNINITIALIZED_AUTOS = YES_AGGRESSIVE;
				GCC_WARN_UNUSED_FUNCTION = YES;
				GCC_WARN_UNUSED_VARIABLE = YES;
				IPHONEOS_DEPLOYMENT_TARGET = 18.2;
				LOCALIZATION_PREFERS_STRING_CATALOGS = YES;
				MTL_ENABLE_DEBUG_INFO = NO;
				MTL_FAST_MATH = YES;
				SDKROOT = iphoneos;
				SWIFT_COMPILATION_MODE = wholemodule;
				VALIDATE_PRODUCT = YES;
			};
			name = Release;
		};
		BC37A4312DED309E004C5B67 /* Debug */ = {
			isa = XCBuildConfiguration;
			buildSettings = {
				ASSETCATALOG_COMPILER_APPICON_NAME = AppIcon;
				ASSETCATALOG_COMPILER_GLOBAL_ACCENT_COLOR_NAME = AccentColor;
				CODE_SIGN_STYLE = Automatic;
				CURRENT_PROJECT_VERSION = 1;
				DEVELOPMENT_ASSET_PATHS = "\"To do list/Preview Content\"";
				ENABLE_PREVIEWS = YES;
				GENERATE_INFOPLIST_FILE = YES;
				INFOPLIST_KEY_UIApplicationSceneManifest_Generation = YES;
				INFOPLIST_KEY_UIApplicationSupportsIndirectInputEvents = YES;
				INFOPLIST_KEY_UILaunchScreen_Generation = YES;
				INFOPLIST_KEY_UISupportedInterfaceOrientations_iPad = "UIInterfaceOrientationPortrait UIInterfaceOrientationPortraitUpsideDown UIInterfaceOrientationLandscapeLeft UIInterfaceOrientationLandscapeRight";
				INFOPLIST_KEY_UISupportedInterfaceOrientations_iPhone = "UIInterfaceOrientationPortrait UIInterfaceOrientationLandscapeLeft UIInterfaceOrientationLandscapeRight";
				LD_RUNPATH_SEARCH_PATHS = (
					"$(inherited)",
					"@executable_path/Frameworks",
				);
				MARKETING_VERSION = 1.0;
				PRODUCT_BUNDLE_IDENTIFIER = "com.To-do-list";
				PRODUCT_NAME = "$(TARGET_NAME)";
				SWIFT_EMIT_LOC_STRINGS = YES;
				SWIFT_VERSION = 5.0;
				TARGETED_DEVICE_FAMILY = "1,2";
			};
			name = Debug;
		};
		BC37A4322DED309E004C5B67 /* Release */ = {
			isa = XCBuildConfiguration;
			buildSettings = {
				ASSETCATALOG_COMPILER_APPICON_NAME = AppIcon;
				ASSETCATALOG_COMPILER_GLOBAL_ACCENT_COLOR_NAME = AccentColor;
				CODE_SIGN_STYLE = Automatic;
				CURRENT_PROJECT_VERSION = 1;
				DEVELOPMENT_ASSET_PATHS = "\"To do list/Preview Content\"";
				ENABLE_PREVIEWS = YES;
				GENERATE_INFOPLIST_FILE = YES;
				INFOPLIST_KEY_UIApplicationSceneManifest_Generation = YES;
				INFOPLIST_KEY_UIApplicationSupportsIndirectInputEvents = YES;
				INFOPLIST_KEY_UILaunchScreen_Generation = YES;
				INFOPLIST_KEY_UISupportedInterfaceOrientations_iPad = "UIInterfaceOrientationPortrait UIInterfaceOrientationPortraitUpsideDown UIInterfaceOrientationLandscapeLeft UIInterfaceOrientationLandscapeRight";
				INFOPLIST_KEY_UISupportedInterfaceOrientations_iPhone = "UIInterfaceOrientationPortrait UIInterfaceOrientationLandscapeLeft UIInterfaceOrientationLandscapeRight";
				LD_RUNPATH_SEARCH_PATHS = (
					"$(inherited)",
					"@executable_path/Frameworks",
				);
				MARKETING_VERSION = 1.0;
				PRODUCT_BUNDLE_IDENTIFIER = "com.To-do-list";
				PRODUCT_NAME = "$(TARGET_NAME)";
				SWIFT_EMIT_LOC_STRINGS = YES;
				SWIFT_VERSION = 5.0;
				TARGETED_DEVICE_FAMILY = "1,2";
			};
			name = Release;
		};
		BC37A4342DED309E004C5B67 /* Debug */ = {
			isa = XCBuildConfiguration;
			buildSettings = {
				BUNDLE_LOADER = "$(TEST_HOST)";
				CODE_SIGN_STYLE = Automatic;
				CURRENT_PROJECT_VERSION = 1;
				GENERATE_INFOPLIST_FILE = YES;
				IPHONEOS_DEPLOYMENT_TARGET = 18.2;
				MARKETING_VERSION = 1.0;
				PRODUCT_BUNDLE_IDENTIFIER = "com.To-do-listTests";
				PRODUCT_NAME = "$(TARGET_NAME)";
				SWIFT_EMIT_LOC_STRINGS = NO;
				SWIFT_VERSION = 5.0;
				TARGETED_DEVICE_FAMILY = "1,2";
				TEST_HOST = "$(BUILT_PRODUCTS_DIR)/To do list.app/$(BUNDLE_EXECUTABLE_FOLDER_PATH)/To do list";
			};
			name = Debug;
		};
		BC37A4352DED309E004C5B67 /* Release */ = {
			isa = XCBuildConfiguration;
			buildSettings = {
				BUNDLE_LOADER = "$(TEST_HOST)";
				CODE_SIGN_STYLE = Automatic;
				CURRENT_PROJECT_VERSION = 1;
				GENERATE_INFOPLIST_FILE = YES;
				IPHONEOS_DEPLOYMENT_TARGET = 18.2;
				MARKETING_VERSION = 1.0;
				PRODUCT_BUNDLE_IDENTIFIER = "com.To-do-listTests";
				PRODUCT_NAME = "$(TARGET_NAME)";
				SWIFT_EMIT_LOC_STRINGS = NO;
				SWIFT_VERSION = 5.0;
				TARGETED_DEVICE_FAMILY = "1,2";
				TEST_HOST = "$(BUILT_PRODUCTS_DIR)/To do list.app/$(BUNDLE_EXECUTABLE_FOLDER_PATH)/To do list";
			};
			name = Release;
		};
		BC37A4372DED309E004C5B67 /* Debug */ = {
			isa = XCBuildConfiguration;
			buildSettings = {
				CODE_SIGN_STYLE = Automatic;
				CURRENT_PROJECT_VERSION = 1;
				GENERATE_INFOPLIST_FILE = YES;
				MARKETING_VERSION = 1.0;
				PRODUCT_BUNDLE_IDENTIFIER = "com.To-do-listUITests";
				PRODUCT_NAME = "$(TARGET_NAME)";
				SWIFT_EMIT_LOC_STRINGS = NO;
				SWIFT_VERSION = 5.0;
				TARGETED_DEVICE_FAMILY = "1,2";
				TEST_TARGET_NAME = "To do list";
			};
			name = Debug;
		};
		BC37A4382DED309E004C5B67 /* Release */ = {
			isa = XCBuildConfiguration;
			buildSettings = {
				CODE_SIGN_STYLE = Automatic;
				CURRENT_PROJECT_VERSION = 1;
				GENERATE_INFOPLIST_FILE = YES;
				MARKETING_VERSION = 1.0;
				PRODUCT_BUNDLE_IDENTIFIER = "com.To-do-listUITests";
				PRODUCT_NAME = "$(TARGET_NAME)";
				SWIFT_EMIT_LOC_STRINGS = NO;
				SWIFT_VERSION = 5.0;
				TARGETED_DEVICE_FAMILY = "1,2";
				TEST_TARGET_NAME = "To do list";
			};
			name = Release;
		};
		BC37A4732DED33EB004C5B67 /* Debug */ = {
			isa = XCBuildConfiguration;
			buildSettings = {
				CODE_SIGN_STYLE = Automatic;
				CURRENT_PROJECT_VERSION = 1;
				GENERATE_INFOPLIST_FILE = YES;
				MARKETING_VERSION = 1.0;
				PRODUCT_BUNDLE_IDENTIFIER = com.ToDoListAppUITests;
				PRODUCT_NAME = "$(TARGET_NAME)";
				SWIFT_EMIT_LOC_STRINGS = NO;
				SWIFT_VERSION = 5.0;
				TARGETED_DEVICE_FAMILY = "1,2";
				TEST_TARGET_NAME = "To do list";
			};
			name = Debug;
		};
		BC37A4742DED33EB004C5B67 /* Release */ = {
			isa = XCBuildConfiguration;
			buildSettings = {
				CODE_SIGN_STYLE = Automatic;
				CURRENT_PROJECT_VERSION = 1;
				GENERATE_INFOPLIST_FILE = YES;
				MARKETING_VERSION = 1.0;
				PRODUCT_BUNDLE_IDENTIFIER = com.ToDoListAppUITests;
				PRODUCT_NAME = "$(TARGET_NAME)";
				SWIFT_EMIT_LOC_STRINGS = NO;
				SWIFT_VERSION = 5.0;
				TARGETED_DEVICE_FAMILY = "1,2";
				TEST_TARGET_NAME = "To do list";
			};
			name = Release;
		};
/* End XCBuildConfiguration section */

/* Begin XCConfigurationList section */
		BC37A4072DED309B004C5B67 /* Build configuration list for PBXProject "To do list" */ = {
			isa = XCConfigurationList;
			buildConfigurations = (
				BC37A42E2DED309E004C5B67 /* Debug */,
				BC37A42F2DED309E004C5B67 /* Release */,
			);
			defaultConfigurationIsVisible = 0;
			defaultConfigurationName = Release;
		};
		BC37A4302DED309E004C5B67 /* Build configuration list for PBXNativeTarget "To do list" */ = {
			isa = XCConfigurationList;
			buildConfigurations = (
				BC37A4312DED309E004C5B67 /* Debug */,
				BC37A4322DED309E004C5B67 /* Release */,
			);
			defaultConfigurationIsVisible = 0;
			defaultConfigurationName = Release;
		};
		BC37A4332DED309E004C5B67 /* Build configuration list for PBXNativeTarget "To do listTests" */ = {
			isa = XCConfigurationList;
			buildConfigurations = (
				BC37A4342DED309E004C5B67 /* Debug */,
				BC37A4352DED309E004C5B67 /* Release */,
			);
			defaultConfigurationIsVisible = 0;
			defaultConfigurationName = Release;
		};
		BC37A4362DED309E004C5B67 /* Build configuration list for PBXNativeTarget "To do listUITests" */ = {
			isa = XCConfigurationList;
			buildConfigurations = (
				BC37A4372DED309E004C5B67 /* Debug */,
				BC37A4382DED309E004C5B67 /* Release */,
			);
			defaultConfigurationIsVisible = 0;
			defaultConfigurationName = Release;
		};
		BC37A4722DED33EB004C5B67 /* Build configuration list for PBXNativeTarget "ToDoListAppUITests" */ = {
			isa = XCConfigurationList;
			buildConfigurations = (
				BC37A4732DED33EB004C5B67 /* Debug */,
				BC37A4742DED33EB004C5B67 /* Release */,
			);
			defaultConfigurationIsVisible = 0;
			defaultConfigurationName = Release;
		};
/* End XCConfigurationList section */
	};
	rootObject = BC37A4042DED309B004C5B67 /* Project object */;
}
